
Microsoft Visual Studio Solution File, Format Version 12.00
# Visual Studio 15
VisualStudioVersion = 15.0.28307.136
MinimumVisualStudioVersion = 10.0.40219.1
Project("{FAE04EC0-301F-11D3-BF4B-00C04F79EFBC}") = "ConwaysGoL", "ConwaysGoL\ConwaysGoL.csproj", "{46A05C5E-A03F-47E3-BF87-B56B36B61953}"
EndProject
Global
	GlobalSection(SolutionConfigurationPlatforms) = preSolution
		Debug|Any CPU = Debug|Any CPU
		Release|Any CPU = Release|Any CPU
	EndGlobalSection
	GlobalSection(ProjectConfigurationPlatforms) = postSolution
		{46A05C5E-A03F-47E3-BF87-B56B36B61953}.Debug|Any CPU.ActiveCfg = Debug|Any CPU
		{46A05C5E-A03F-47E3-BF87-B56B36B61953}.Debug|Any CPU.Build.0 = Debug|Any CPU
		{46A05C5E-A03F-47E3-BF87-B56B36B61953}.Release|Any CPU.ActiveCfg = Release|Any CPU
		{46A05C5E-A03F-47E3-BF87-B56B36B61953}.Release|Any CPU.Build.0 = Release|Any CPU
	EndGlobalSection
	GlobalSection(SolutionProperties) = preSolution
		HideSolutionNode = FALSE
	EndGlobalSection
	GlobalSection(ExtensibilityGlobals) = postSolution
		SolutionGuid = {EC17C7E1-205C-4671-B334-A5BC9898DF52}
	EndGlobalSection
EndGlobal
